
Microsoft Visual Studio Solution File, Format Version 12.00
# Visual Studio 15
VisualStudioVersion = 15.0.28010.2048
MinimumVisualStudioVersion = 10.0.40219.1
Project("{FAE04EC0-301F-11D3-BF4B-00C04F79EFBC}") = "Gopas.XamIntro.Android", "Gopas.XamIntro\Gopas.XamIntro.Android\Gopas.XamIntro.Android.csproj", "{54EDDF32-CC1C-4D38-8767-709ACD68E434}"
EndProject
Project("{FAE04EC0-301F-11D3-BF4B-00C04F79EFBC}") = "Gopas.XamIntro.iOS", "Gopas.XamIntro\Gopas.XamIntro.iOS\Gopas.XamIntro.iOS.csproj", "{8151280E-786F-42A6-B65E-86950FF53A78}"
EndProject
Project("{FAE04EC0-301F-11D3-BF4B-00C04F79EFBC}") = "Gopas.XamIntro.UWP", "Gopas.XamIntro\Gopas.XamIntro.UWP\Gopas.XamIntro.UWP.csproj", "{576DED01-51D5-4353-BBEE-A6AB7147A9AF}"
EndProject
Project("{9A19103F-16F7-4668-BE54-9A1E7A4F7556}") = "Gopas.XamIntro", "Gopas.XamIntro\Gopas.XamIntro\Gopas.XamIntro.csproj", "{4E853C2E-DA2E-4169-ACD3-6320A2CD6142}"
EndProject
Project("{9A19103F-16F7-4668-BE54-9A1E7A4F7556}") = "RestAPI", "RestAPI\RestAPI.csproj", "{3E042780-F159-4F43-B718-B3932EC73681}"
EndProject
Project("{9A19103F-16F7-4668-BE54-9A1E7A4F7556}") = "SharedModel", "SharedModel\SharedModel.csproj", "{26A01FF4-76DB-4390-BC0B-CBE23B116115}"
EndProject
Global
	GlobalSection(SolutionConfigurationPlatforms) = preSolution
		Ad-Hoc|Any CPU = Ad-Hoc|Any CPU
		Ad-Hoc|ARM = Ad-Hoc|ARM
		Ad-Hoc|iPhone = Ad-Hoc|iPhone
		Ad-Hoc|iPhoneSimulator = Ad-Hoc|iPhoneSimulator
		Ad-Hoc|x64 = Ad-Hoc|x64
		Ad-Hoc|x86 = Ad-Hoc|x86
		AppStore|Any CPU = AppStore|Any CPU
		AppStore|ARM = AppStore|ARM
		AppStore|iPhone = AppStore|iPhone
		AppStore|iPhoneSimulator = AppStore|iPhoneSimulator
		AppStore|x64 = AppStore|x64
		AppStore|x86 = AppStore|x86
		Debug|Any CPU = Debug|Any CPU
		Debug|ARM = Debug|ARM
		Debug|iPhone = Debug|iPhone
		Debug|iPhoneSimulator = Debug|iPhoneSimulator
		Debug|x64 = Debug|x64
		Debug|x86 = Debug|x86
		Release|Any CPU = Release|Any CPU
		Release|ARM = Release|ARM
		Release|iPhone = Release|iPhone
		Release|iPhoneSimulator = Release|iPhoneSimulator
		Release|x64 = Release|x64
		Release|x86 = Release|x86
	EndGlobalSection
	GlobalSection(ProjectConfigurationPlatforms) = postSolution
		{54EDDF32-CC1C-4D38-8767-709ACD68E434}.Ad-Hoc|Any CPU.ActiveCfg = Release|Any CPU
		{54EDDF32-CC1C-4D38-8767-709ACD68E434}.Ad-Hoc|Any CPU.Build.0 = Release|Any CPU
		{54EDDF32-CC1C-4D38-8767-709ACD68E434}.Ad-Hoc|Any CPU.Deploy.0 = Release|Any CPU
		{54EDDF32-CC1C-4D38-8767-709ACD68E434}.Ad-Hoc|ARM.ActiveCfg = Release|Any CPU
		{54EDDF32-CC1C-4D38-8767-709ACD68E434}.Ad-Hoc|ARM.Build.0 = Release|Any CPU
		{54EDDF32-CC1C-4D38-8767-709ACD68E434}.Ad-Hoc|ARM.Deploy.0 = Release|Any CPU
		{54EDDF32-CC1C-4D38-8767-709ACD68E434}.Ad-Hoc|iPhone.ActiveCfg = Release|Any CPU
		{54EDDF32-CC1C-4D38-8767-709ACD68E434}.Ad-Hoc|iPhone.Build.0 = Release|Any CPU
		{54EDDF32-CC1C-4D38-8767-709ACD68E434}.Ad-Hoc|iPhone.Deploy.0 = Release|Any CPU
		{54EDDF32-CC1C-4D38-8767-709ACD68E434}.Ad-Hoc|iPhoneSimulator.ActiveCfg = Release|Any CPU
		{54EDDF32-CC1C-4D38-8767-709ACD68E434}.Ad-Hoc|iPhoneSimulator.Build.0 = Release|Any CPU
		{54EDDF32-CC1C-4D38-8767-709ACD68E434}.Ad-Hoc|iPhoneSimulator.Deploy.0 = Release|Any CPU
		{54EDDF32-CC1C-4D38-8767-709ACD68E434}.Ad-Hoc|x64.ActiveCfg = Release|Any CPU
		{54EDDF32-CC1C-4D38-8767-709ACD68E434}.Ad-Hoc|x64.Build.0 = Release|Any CPU
		{54EDDF32-CC1C-4D38-8767-709ACD68E434}.Ad-Hoc|x64.Deploy.0 = Release|Any CPU
		{54EDDF32-CC1C-4D38-8767-709ACD68E434}.Ad-Hoc|x86.ActiveCfg = Release|Any CPU
		{54EDDF32-CC1C-4D38-8767-709ACD68E434}.Ad-Hoc|x86.Build.0 = Release|Any CPU
		{54EDDF32-CC1C-4D38-8767-709ACD68E434}.Ad-Hoc|x86.Deploy.0 = Release|Any CPU
		{54EDDF32-CC1C-4D38-8767-709ACD68E434}.AppStore|Any CPU.ActiveCfg = Release|Any CPU
		{54EDDF32-CC1C-4D38-8767-709ACD68E434}.AppStore|Any CPU.Build.0 = Release|Any CPU
		{54EDDF32-CC1C-4D38-8767-709ACD68E434}.AppStore|Any CPU.Deploy.0 = Release|Any CPU
		{54EDDF32-CC1C-4D38-8767-709ACD68E434}.AppStore|ARM.ActiveCfg = Release|Any CPU
		{54EDDF32-CC1C-4D38-8767-709ACD68E434}.AppStore|ARM.Build.0 = Release|Any CPU
		{54EDDF32-CC1C-4D38-8767-709ACD68E434}.AppStore|ARM.Deploy.0 = Release|Any CPU
		{54EDDF32-CC1C-4D38-8767-709ACD68E434}.AppStore|iPhone.ActiveCfg = Release|Any CPU
		{54EDDF32-CC1C-4D38-8767-709ACD68E434}.AppStore|iPhone.Build.0 = Release|Any CPU
		{54EDDF32-CC1C-4D38-8767-709ACD68E434}.AppStore|iPhone.Deploy.0 = Release|Any CPU
		{54EDDF32-CC1C-4D38-8767-709ACD68E434}.AppStore|iPhoneSimulator.ActiveCfg = Release|Any CPU
		{54EDDF32-CC1C-4D38-8767-709ACD68E434}.AppStore|iPhoneSimulator.Build.0 = Release|Any CPU
		{54EDDF32-CC1C-4D38-8767-709ACD68E434}.AppStore|iPhoneSimulator.Deploy.0 = Release|Any CPU
		{54EDDF32-CC1C-4D38-8767-709ACD68E434}.AppStore|x64.ActiveCfg = Release|Any CPU
		{54EDDF32-CC1C-4D38-8767-709ACD68E434}.AppStore|x64.Build.0 = Release|Any CPU
		{54EDDF32-CC1C-4D38-8767-709ACD68E434}.AppStore|x64.Deploy.0 = Release|Any CPU
		{54EDDF32-CC1C-4D38-8767-709ACD68E434}.AppStore|x86.ActiveCfg = Release|Any CPU
		{54EDDF32-CC1C-4D38-8767-709ACD68E434}.AppStore|x86.Build.0 = Release|Any CPU
		{54EDDF32-CC1C-4D38-8767-709ACD68E434}.AppStore|x86.Deploy.0 = Release|Any CPU
		{54EDDF32-CC1C-4D38-8767-709ACD68E434}.Debug|Any CPU.ActiveCfg = Debug|Any CPU
		{54EDDF32-CC1C-4D38-8767-709ACD68E434}.Debug|Any CPU.Build.0 = Debug|Any CPU
		{54EDDF32-CC1C-4D38-8767-709ACD68E434}.Debug|Any CPU.Deploy.0 = Debug|Any CPU
		{54EDDF32-CC1C-4D38-8767-709ACD68E434}.Debug|ARM.ActiveCfg = Debug|Any CPU
		{54EDDF32-CC1C-4D38-8767-709ACD68E434}.Debug|ARM.Build.0 = Debug|Any CPU
		{54EDDF32-CC1C-4D38-8767-709ACD68E434}.Debug|ARM.Deploy.0 = Debug|Any CPU
		{54EDDF32-CC1C-4D38-8767-709ACD68E434}.Debug|iPhone.ActiveCfg = Debug|Any CPU
		{54EDDF32-CC1C-4D38-8767-709ACD68E434}.Debug|iPhone.Build.0 = Debug|Any CPU
		{54EDDF32-CC1C-4D38-8767-709ACD68E434}.Debug|iPhone.Deploy.0 = Debug|Any CPU
		{54EDDF32-CC1C-4D38-8767-709ACD68E434}.Debug|iPhoneSimulator.ActiveCfg = Debug|Any CPU
		{54EDDF32-CC1C-4D38-8767-709ACD68E434}.Debug|iPhoneSimulator.Build.0 = Debug|Any CPU
		{54EDDF32-CC1C-4D38-8767-709ACD68E434}.Debug|iPhoneSimulator.Deploy.0 = Debug|Any CPU
		{54EDDF32-CC1C-4D38-8767-709ACD68E434}.Debug|x64.ActiveCfg = Debug|Any CPU
		{54EDDF32-CC1C-4D38-8767-709ACD68E434}.Debug|x64.Build.0 = Debug|Any CPU
		{54EDDF32-CC1C-4D38-8767-709ACD68E434}.Debug|x64.Deploy.0 = Debug|Any CPU
		{54EDDF32-CC1C-4D38-8767-709ACD68E434}.Debug|x86.ActiveCfg = Debug|Any CPU
		{54EDDF32-CC1C-4D38-8767-709ACD68E434}.Debug|x86.Build.0 = Debug|Any CPU
		{54EDDF32-CC1C-4D38-8767-709ACD68E434}.Debug|x86.Deploy.0 = Debug|Any CPU
		{54EDDF32-CC1C-4D38-8767-709ACD68E434}.Release|Any CPU.ActiveCfg = Release|Any CPU
		{54EDDF32-CC1C-4D38-8767-709ACD68E434}.Release|Any CPU.Build.0 = Release|Any CPU
		{54EDDF32-CC1C-4D38-8767-709ACD68E434}.Release|Any CPU.Deploy.0 = Release|Any CPU
		{54EDDF32-CC1C-4D38-8767-709ACD68E434}.Release|ARM.ActiveCfg = Release|Any CPU
		{54EDDF32-CC1C-4D38-8767-709ACD68E434}.Release|ARM.Build.0 = Release|Any CPU
		{54EDDF32-CC1C-4D38-8767-709ACD68E434}.Release|ARM.Deploy.0 = Release|Any CPU
		{54EDDF32-CC1C-4D38-8767-709ACD68E434}.Release|iPhone.ActiveCfg = Release|Any CPU
		{54EDDF32-CC1C-4D38-8767-709ACD68E434}.Release|iPhone.Build.0 = Release|Any CPU
		{54EDDF32-CC1C-4D38-8767-709ACD68E434}.Release|iPhone.Deploy.0 = Release|Any CPU
		{54EDDF32-CC1C-4D38-8767-709ACD68E434}.Release|iPhoneSimulator.ActiveCfg = Release|Any CPU
		{54EDDF32-CC1C-4D38-8767-709ACD68E434}.Release|iPhoneSimulator.Build.0 = Release|Any CPU
		{54EDDF32-CC1C-4D38-8767-709ACD68E434}.Release|iPhoneSimulator.Deploy.0 = Release|Any CPU
		{54EDDF32-CC1C-4D38-8767-709ACD68E434}.Release|x64.ActiveCfg = Release|Any CPU
		{54EDDF32-CC1C-4D38-8767-709ACD68E434}.Release|x64.Build.0 = Release|Any CPU
		{54EDDF32-CC1C-4D38-8767-709ACD68E434}.Release|x64.Deploy.0 = Release|Any CPU
		{54EDDF32-CC1C-4D38-8767-709ACD68E434}.Release|x86.ActiveCfg = Release|Any CPU
		{54EDDF32-CC1C-4D38-8767-709ACD68E434}.Release|x86.Build.0 = Release|Any CPU
		{54EDDF32-CC1C-4D38-8767-709ACD68E434}.Release|x86.Deploy.0 = Release|Any CPU
		{8151280E-786F-42A6-B65E-86950FF53A78}.Ad-Hoc|Any CPU.ActiveCfg = Ad-Hoc|iPhone
		{8151280E-786F-42A6-B65E-86950FF53A78}.Ad-Hoc|Any CPU.Build.0 = Ad-Hoc|iPhone
		{8151280E-786F-42A6-B65E-86950FF53A78}.Ad-Hoc|Any CPU.Deploy.0 = Ad-Hoc|iPhone
		{8151280E-786F-42A6-B65E-86950FF53A78}.Ad-Hoc|ARM.ActiveCfg = Ad-Hoc|iPhone
		{8151280E-786F-42A6-B65E-86950FF53A78}.Ad-Hoc|ARM.Build.0 = Ad-Hoc|iPhone
		{8151280E-786F-42A6-B65E-86950FF53A78}.Ad-Hoc|ARM.Deploy.0 = Ad-Hoc|iPhone
		{8151280E-786F-42A6-B65E-86950FF53A78}.Ad-Hoc|iPhone.ActiveCfg = Ad-Hoc|iPhone
		{8151280E-786F-42A6-B65E-86950FF53A78}.Ad-Hoc|iPhone.Build.0 = Ad-Hoc|iPhone
		{8151280E-786F-42A6-B65E-86950FF53A78}.Ad-Hoc|iPhone.Deploy.0 = Ad-Hoc|iPhone
		{8151280E-786F-42A6-B65E-86950FF53A78}.Ad-Hoc|iPhoneSimulator.ActiveCfg = Ad-Hoc|iPhoneSimulator
		{8151280E-786F-42A6-B65E-86950FF53A78}.Ad-Hoc|iPhoneSimulator.Build.0 = Ad-Hoc|iPhoneSimulator
		{8151280E-786F-42A6-B65E-86950FF53A78}.Ad-Hoc|iPhoneSimulator.Deploy.0 = Ad-Hoc|iPhoneSimulator
		{8151280E-786F-42A6-B65E-86950FF53A78}.Ad-Hoc|x64.ActiveCfg = Ad-Hoc|iPhone
		{8151280E-786F-42A6-B65E-86950FF53A78}.Ad-Hoc|x64.Build.0 = Ad-Hoc|iPhone
		{8151280E-786F-42A6-B65E-86950FF53A78}.Ad-Hoc|x64.Deploy.0 = Ad-Hoc|iPhone
		{8151280E-786F-42A6-B65E-86950FF53A78}.Ad-Hoc|x86.ActiveCfg = Ad-Hoc|iPhone
		{8151280E-786F-42A6-B65E-86950FF53A78}.Ad-Hoc|x86.Build.0 = Ad-Hoc|iPhone
		{8151280E-786F-42A6-B65E-86950FF53A78}.Ad-Hoc|x86.Deploy.0 = Ad-Hoc|iPhone
		{8151280E-786F-42A6-B65E-86950FF53A78}.AppStore|Any CPU.ActiveCfg = AppStore|iPhone
		{8151280E-786F-42A6-B65E-86950FF53A78}.AppStore|Any CPU.Build.0 = AppStore|iPhone
		{8151280E-786F-42A6-B65E-86950FF53A78}.AppStore|Any CPU.Deploy.0 = AppStore|iPhone
		{8151280E-786F-42A6-B65E-86950FF53A78}.AppStore|ARM.ActiveCfg = AppStore|iPhone
		{8151280E-786F-42A6-B65E-86950FF53A78}.AppStore|ARM.Build.0 = AppStore|iPhone
		{8151280E-786F-42A6-B65E-86950FF53A78}.AppStore|ARM.Deploy.0 = AppStore|iPhone
		{8151280E-786F-42A6-B65E-86950FF53A78}.AppStore|iPhone.ActiveCfg = AppStore|iPhone
		{8151280E-786F-42A6-B65E-86950FF53A78}.AppStore|iPhone.Build.0 = AppStore|iPhone
		{8151280E-786F-42A6-B65E-86950FF53A78}.AppStore|iPhone.Deploy.0 = AppStore|iPhone
		{8151280E-786F-42A6-B65E-86950FF53A78}.AppStore|iPhoneSimulator.ActiveCfg = AppStore|iPhoneSimulator
		{8151280E-786F-42A6-B65E-86950FF53A78}.AppStore|iPhoneSimulator.Build.0 = AppStore|iPhoneSimulator
		{8151280E-786F-42A6-B65E-86950FF53A78}.AppStore|iPhoneSimulator.Deploy.0 = AppStore|iPhoneSimulator
		{8151280E-786F-42A6-B65E-86950FF53A78}.AppStore|x64.ActiveCfg = AppStore|iPhone
		{8151280E-786F-42A6-B65E-86950FF53A78}.AppStore|x64.Build.0 = AppStore|iPhone
		{8151280E-786F-42A6-B65E-86950FF53A78}.AppStore|x64.Deploy.0 = AppStore|iPhone
		{8151280E-786F-42A6-B65E-86950FF53A78}.AppStore|x86.ActiveCfg = AppStore|iPhone
		{8151280E-786F-42A6-B65E-86950FF53A78}.AppStore|x86.Build.0 = AppStore|iPhone
		{8151280E-786F-42A6-B65E-86950FF53A78}.AppStore|x86.Deploy.0 = AppStore|iPhone
		{8151280E-786F-42A6-B65E-86950FF53A78}.Debug|Any CPU.ActiveCfg = Ad-Hoc|iPhoneSimulator
		{8151280E-786F-42A6-B65E-86950FF53A78}.Debug|Any CPU.Build.0 = Ad-Hoc|iPhoneSimulator
		{8151280E-786F-42A6-B65E-86950FF53A78}.Debug|Any CPU.Deploy.0 = Ad-Hoc|iPhoneSimulator
		{8151280E-786F-42A6-B65E-86950FF53A78}.Debug|ARM.ActiveCfg = Debug|iPhone
		{8151280E-786F-42A6-B65E-86950FF53A78}.Debug|ARM.Build.0 = Debug|iPhone
		{8151280E-786F-42A6-B65E-86950FF53A78}.Debug|ARM.Deploy.0 = Debug|iPhone
		{8151280E-786F-42A6-B65E-86950FF53A78}.Debug|iPhone.ActiveCfg = Debug|iPhone
		{8151280E-786F-42A6-B65E-86950FF53A78}.Debug|iPhone.Build.0 = Debug|iPhone
		{8151280E-786F-42A6-B65E-86950FF53A78}.Debug|iPhone.Deploy.0 = Debug|iPhone
		{8151280E-786F-42A6-B65E-86950FF53A78}.Debug|iPhoneSimulator.ActiveCfg = Debug|iPhoneSimulator
		{8151280E-786F-42A6-B65E-86950FF53A78}.Debug|iPhoneSimulator.Build.0 = Debug|iPhoneSimulator
		{8151280E-786F-42A6-B65E-86950FF53A78}.Debug|iPhoneSimulator.Deploy.0 = Debug|iPhoneSimulator
		{8151280E-786F-42A6-B65E-86950FF53A78}.Debug|x64.ActiveCfg = Debug|iPhone
		{8151280E-786F-42A6-B65E-86950FF53A78}.Debug|x64.Build.0 = Debug|iPhone
		{8151280E-786F-42A6-B65E-86950FF53A78}.Debug|x64.Deploy.0 = Debug|iPhone
		{8151280E-786F-42A6-B65E-86950FF53A78}.Debug|x86.ActiveCfg = Debug|iPhone
		{8151280E-786F-42A6-B65E-86950FF53A78}.Debug|x86.Build.0 = Debug|iPhone
		{8151280E-786F-42A6-B65E-86950FF53A78}.Debug|x86.Deploy.0 = Debug|iPhone
		{8151280E-786F-42A6-B65E-86950FF53A78}.Release|Any CPU.ActiveCfg = Release|iPhone
		{8151280E-786F-42A6-B65E-86950FF53A78}.Release|Any CPU.Build.0 = Release|iPhone
		{8151280E-786F-42A6-B65E-86950FF53A78}.Release|Any CPU.Deploy.0 = Release|iPhone
		{8151280E-786F-42A6-B65E-86950FF53A78}.Release|ARM.ActiveCfg = Release|iPhone
		{8151280E-786F-42A6-B65E-86950FF53A78}.Release|ARM.Build.0 = Release|iPhone
		{8151280E-786F-42A6-B65E-86950FF53A78}.Release|ARM.Deploy.0 = Release|iPhone
		{8151280E-786F-42A6-B65E-86950FF53A78}.Release|iPhone.ActiveCfg = Release|iPhone
		{8151280E-786F-42A6-B65E-86950FF53A78}.Release|iPhone.Build.0 = Release|iPhone
		{8151280E-786F-42A6-B65E-86950FF53A78}.Release|iPhone.Deploy.0 = Release|iPhone
		{8151280E-786F-42A6-B65E-86950FF53A78}.Release|iPhoneSimulator.ActiveCfg = Release|iPhoneSimulator
		{8151280E-786F-42A6-B65E-86950FF53A78}.Release|iPhoneSimulator.Build.0 = Release|iPhoneSimulator
		{8151280E-786F-42A6-B65E-86950FF53A78}.Release|iPhoneSimulator.Deploy.0 = Release|iPhoneSimulator
		{8151280E-786F-42A6-B65E-86950FF53A78}.Release|x64.ActiveCfg = Release|iPhone
		{8151280E-786F-42A6-B65E-86950FF53A78}.Release|x64.Build.0 = Release|iPhone
		{8151280E-786F-42A6-B65E-86950FF53A78}.Release|x64.Deploy.0 = Release|iPhone
		{8151280E-786F-42A6-B65E-86950FF53A78}.Release|x86.ActiveCfg = Release|iPhone
		{8151280E-786F-42A6-B65E-86950FF53A78}.Release|x86.Build.0 = Release|iPhone
		{8151280E-786F-42A6-B65E-86950FF53A78}.Release|x86.Deploy.0 = Release|iPhone
		{576DED01-51D5-4353-BBEE-A6AB7147A9AF}.Ad-Hoc|Any CPU.ActiveCfg = Release|x86
		{576DED01-51D5-4353-BBEE-A6AB7147A9AF}.Ad-Hoc|Any CPU.Build.0 = Release|x86
		{576DED01-51D5-4353-BBEE-A6AB7147A9AF}.Ad-Hoc|Any CPU.Deploy.0 = Release|x86
		{576DED01-51D5-4353-BBEE-A6AB7147A9AF}.Ad-Hoc|ARM.ActiveCfg = Release|ARM
		{576DED01-51D5-4353-BBEE-A6AB7147A9AF}.Ad-Hoc|ARM.Build.0 = Release|ARM
		{576DED01-51D5-4353-BBEE-A6AB7147A9AF}.Ad-Hoc|ARM.Deploy.0 = Release|ARM
		{576DED01-51D5-4353-BBEE-A6AB7147A9AF}.Ad-Hoc|iPhone.ActiveCfg = Release|x86
		{576DED01-51D5-4353-BBEE-A6AB7147A9AF}.Ad-Hoc|iPhone.Build.0 = Release|x86
		{576DED01-51D5-4353-BBEE-A6AB7147A9AF}.Ad-Hoc|iPhone.Deploy.0 = Release|x86
		{576DED01-51D5-4353-BBEE-A6AB7147A9AF}.Ad-Hoc|iPhoneSimulator.ActiveCfg = Release|x86
		{576DED01-51D5-4353-BBEE-A6AB7147A9AF}.Ad-Hoc|iPhoneSimulator.Build.0 = Release|x86
		{576DED01-51D5-4353-BBEE-A6AB7147A9AF}.Ad-Hoc|iPhoneSimulator.Deploy.0 = Release|x86
		{576DED01-51D5-4353-BBEE-A6AB7147A9AF}.Ad-Hoc|x64.ActiveCfg = Release|x64
		{576DED01-51D5-4353-BBEE-A6AB7147A9AF}.Ad-Hoc|x64.Build.0 = Release|x64
		{576DED01-51D5-4353-BBEE-A6AB7147A9AF}.Ad-Hoc|x64.Deploy.0 = Release|x64
		{576DED01-51D5-4353-BBEE-A6AB7147A9AF}.Ad-Hoc|x86.ActiveCfg = Release|x86
		{576DED01-51D5-4353-BBEE-A6AB7147A9AF}.Ad-Hoc|x86.Build.0 = Release|x86
		{576DED01-51D5-4353-BBEE-A6AB7147A9AF}.Ad-Hoc|x86.Deploy.0 = Release|x86
		{576DED01-51D5-4353-BBEE-A6AB7147A9AF}.AppStore|Any CPU.ActiveCfg = Release|x86
		{576DED01-51D5-4353-BBEE-A6AB7147A9AF}.AppStore|Any CPU.Build.0 = Release|x86
		{576DED01-51D5-4353-BBEE-A6AB7147A9AF}.AppStore|Any CPU.Deploy.0 = Release|x86
		{576DED01-51D5-4353-BBEE-A6AB7147A9AF}.AppStore|ARM.ActiveCfg = Release|ARM
		{576DED01-51D5-4353-BBEE-A6AB7147A9AF}.AppStore|ARM.Build.0 = Release|ARM
		{576DED01-51D5-4353-BBEE-A6AB7147A9AF}.AppStore|ARM.Deploy.0 = Release|ARM
		{576DED01-51D5-4353-BBEE-A6AB7147A9AF}.AppStore|iPhone.ActiveCfg = Release|x86
		{576DED01-51D5-4353-BBEE-A6AB7147A9AF}.AppStore|iPhone.Build.0 = Release|x86
		{576DED01-51D5-4353-BBEE-A6AB7147A9AF}.AppStore|iPhone.Deploy.0 = Release|x86
		{576DED01-51D5-4353-BBEE-A6AB7147A9AF}.AppStore|iPhoneSimulator.ActiveCfg = Release|x86
		{576DED01-51D5-4353-BBEE-A6AB7147A9AF}.AppStore|iPhoneSimulator.Build.0 = Release|x86
		{576DED01-51D5-4353-BBEE-A6AB7147A9AF}.AppStore|iPhoneSimulator.Deploy.0 = Release|x86
		{576DED01-51D5-4353-BBEE-A6AB7147A9AF}.AppStore|x64.ActiveCfg = Release|x64
		{576DED01-51D5-4353-BBEE-A6AB7147A9AF}.AppStore|x64.Build.0 = Release|x64
		{576DED01-51D5-4353-BBEE-A6AB7147A9AF}.AppStore|x64.Deploy.0 = Release|x64
		{576DED01-51D5-4353-BBEE-A6AB7147A9AF}.AppStore|x86.ActiveCfg = Release|x86
		{576DED01-51D5-4353-BBEE-A6AB7147A9AF}.AppStore|x86.Build.0 = Release|x86
		{576DED01-51D5-4353-BBEE-A6AB7147A9AF}.AppStore|x86.Deploy.0 = Release|x86
		{576DED01-51D5-4353-BBEE-A6AB7147A9AF}.Debug|Any CPU.ActiveCfg = Debug|x86
		{576DED01-51D5-4353-BBEE-A6AB7147A9AF}.Debug|Any CPU.Build.0 = Debug|x86
		{576DED01-51D5-4353-BBEE-A6AB7147A9AF}.Debug|Any CPU.Deploy.0 = Debug|x86
		{576DED01-51D5-4353-BBEE-A6AB7147A9AF}.Debug|ARM.ActiveCfg = Debug|ARM
		{576DED01-51D5-4353-BBEE-A6AB7147A9AF}.Debug|ARM.Build.0 = Debug|ARM
		{576DED01-51D5-4353-BBEE-A6AB7147A9AF}.Debug|ARM.Deploy.0 = Debug|ARM
		{576DED01-51D5-4353-BBEE-A6AB7147A9AF}.Debug|iPhone.ActiveCfg = Debug|x86
		{576DED01-51D5-4353-BBEE-A6AB7147A9AF}.Debug|iPhone.Build.0 = Debug|x86
		{576DED01-51D5-4353-BBEE-A6AB7147A9AF}.Debug|iPhone.Deploy.0 = Debug|x86
		{576DED01-51D5-4353-BBEE-A6AB7147A9AF}.Debug|iPhoneSimulator.ActiveCfg = Debug|x86
		{576DED01-51D5-4353-BBEE-A6AB7147A9AF}.Debug|iPhoneSimulator.Build.0 = Debug|x86
		{576DED01-51D5-4353-BBEE-A6AB7147A9AF}.Debug|iPhoneSimulator.Deploy.0 = Debug|x86
		{576DED01-51D5-4353-BBEE-A6AB7147A9AF}.Debug|x64.ActiveCfg = Debug|x64
		{576DED01-51D5-4353-BBEE-A6AB7147A9AF}.Debug|x64.Build.0 = Debug|x64
		{576DED01-51D5-4353-BBEE-A6AB7147A9AF}.Debug|x64.Deploy.0 = Debug|x64
		{576DED01-51D5-4353-BBEE-A6AB7147A9AF}.Debug|x86.ActiveCfg = Debug|x86
		{576DED01-51D5-4353-BBEE-A6AB7147A9AF}.Debug|x86.Build.0 = Debug|x86
		{576DED01-51D5-4353-BBEE-A6AB7147A9AF}.Debug|x86.Deploy.0 = Debug|x86
		{576DED01-51D5-4353-BBEE-A6AB7147A9AF}.Release|Any CPU.ActiveCfg = Release|x86
		{576DED01-51D5-4353-BBEE-A6AB7147A9AF}.Release|Any CPU.Build.0 = Release|x86
		{576DED01-51D5-4353-BBEE-A6AB7147A9AF}.Release|Any CPU.Deploy.0 = Release|x86
		{576DED01-51D5-4353-BBEE-A6AB7147A9AF}.Release|ARM.ActiveCfg = Release|ARM
		{576DED01-51D5-4353-BBEE-A6AB7147A9AF}.Release|ARM.Build.0 = Release|ARM
		{576DED01-51D5-4353-BBEE-A6AB7147A9AF}.Release|ARM.Deploy.0 = Release|ARM
		{576DED01-51D5-4353-BBEE-A6AB7147A9AF}.Release|iPhone.ActiveCfg = Release|x86
		{576DED01-51D5-4353-BBEE-A6AB7147A9AF}.Release|iPhone.Build.0 = Release|x86
		{576DED01-51D5-4353-BBEE-A6AB7147A9AF}.Release|iPhone.Deploy.0 = Release|x86
		{576DED01-51D5-4353-BBEE-A6AB7147A9AF}.Release|iPhoneSimulator.ActiveCfg = Release|x86
		{576DED01-51D5-4353-BBEE-A6AB7147A9AF}.Release|iPhoneSimulator.Build.0 = Release|x86
		{576DED01-51D5-4353-BBEE-A6AB7147A9AF}.Release|iPhoneSimulator.Deploy.0 = Release|x86
		{576DED01-51D5-4353-BBEE-A6AB7147A9AF}.Release|x64.ActiveCfg = Release|x64
		{576DED01-51D5-4353-BBEE-A6AB7147A9AF}.Release|x64.Build.0 = Release|x64
		{576DED01-51D5-4353-BBEE-A6AB7147A9AF}.Release|x64.Deploy.0 = Release|x64
		{576DED01-51D5-4353-BBEE-A6AB7147A9AF}.Release|x86.ActiveCfg = Release|x86
		{576DED01-51D5-4353-BBEE-A6AB7147A9AF}.Release|x86.Build.0 = Release|x86
		{576DED01-51D5-4353-BBEE-A6AB7147A9AF}.Release|x86.Deploy.0 = Release|x86
		{4E853C2E-DA2E-4169-ACD3-6320A2CD6142}.Ad-Hoc|Any CPU.ActiveCfg = Debug|Any CPU
		{4E853C2E-DA2E-4169-ACD3-6320A2CD6142}.Ad-Hoc|Any CPU.Build.0 = Debug|Any CPU
		{4E853C2E-DA2E-4169-ACD3-6320A2CD6142}.Ad-Hoc|Any CPU.Deploy.0 = Debug|Any CPU
		{4E853C2E-DA2E-4169-ACD3-6320A2CD6142}.Ad-Hoc|ARM.ActiveCfg = Debug|Any CPU
		{4E853C2E-DA2E-4169-ACD3-6320A2CD6142}.Ad-Hoc|ARM.Build.0 = Debug|Any CPU
		{4E853C2E-DA2E-4169-ACD3-6320A2CD6142}.Ad-Hoc|ARM.Deploy.0 = Debug|Any CPU
		{4E853C2E-DA2E-4169-ACD3-6320A2CD6142}.Ad-Hoc|iPhone.ActiveCfg = Debug|Any CPU
		{4E853C2E-DA2E-4169-ACD3-6320A2CD6142}.Ad-Hoc|iPhone.Build.0 = Debug|Any CPU
		{4E853C2E-DA2E-4169-ACD3-6320A2CD6142}.Ad-Hoc|iPhone.Deploy.0 = Debug|Any CPU
		{4E853C2E-DA2E-4169-ACD3-6320A2CD6142}.Ad-Hoc|iPhoneSimulator.ActiveCfg = Debug|Any CPU
		{4E853C2E-DA2E-4169-ACD3-6320A2CD6142}.Ad-Hoc|iPhoneSimulator.Build.0 = Debug|Any CPU
		{4E853C2E-DA2E-4169-ACD3-6320A2CD6142}.Ad-Hoc|iPhoneSimulator.Deploy.0 = Debug|Any CPU
		{4E853C2E-DA2E-4169-ACD3-6320A2CD6142}.Ad-Hoc|x64.ActiveCfg = Debug|Any CPU
		{4E853C2E-DA2E-4169-ACD3-6320A2CD6142}.Ad-Hoc|x64.Build.0 = Debug|Any CPU
		{4E853C2E-DA2E-4169-ACD3-6320A2CD6142}.Ad-Hoc|x64.Deploy.0 = Debug|Any CPU
		{4E853C2E-DA2E-4169-ACD3-6320A2CD6142}.Ad-Hoc|x86.ActiveCfg = Debug|Any CPU
		{4E853C2E-DA2E-4169-ACD3-6320A2CD6142}.Ad-Hoc|x86.Build.0 = Debug|Any CPU
		{4E853C2E-DA2E-4169-ACD3-6320A2CD6142}.Ad-Hoc|x86.Deploy.0 = Debug|Any CPU
		{4E853C2E-DA2E-4169-ACD3-6320A2CD6142}.AppStore|Any CPU.ActiveCfg = Debug|Any CPU
		{4E853C2E-DA2E-4169-ACD3-6320A2CD6142}.AppStore|Any CPU.Build.0 = Debug|Any CPU
		{4E853C2E-DA2E-4169-ACD3-6320A2CD6142}.AppStore|Any CPU.Deploy.0 = Debug|Any CPU
		{4E853C2E-DA2E-4169-ACD3-6320A2CD6142}.AppStore|ARM.ActiveCfg = Debug|Any CPU
		{4E853C2E-DA2E-4169-ACD3-6320A2CD6142}.AppStore|ARM.Build.0 = Debug|Any CPU
		{4E853C2E-DA2E-4169-ACD3-6320A2CD6142}.AppStore|ARM.Deploy.0 = Debug|Any CPU
		{4E853C2E-DA2E-4169-ACD3-6320A2CD6142}.AppStore|iPhone.ActiveCfg = Debug|Any CPU
		{4E853C2E-DA2E-4169-ACD3-6320A2CD6142}.AppStore|iPhone.Build.0 = Debug|Any CPU
		{4E853C2E-DA2E-4169-ACD3-6320A2CD6142}.AppStore|iPhone.Deploy.0 = Debug|Any CPU
		{4E853C2E-DA2E-4169-ACD3-6320A2CD6142}.AppStore|iPhoneSimulator.ActiveCfg = Debug|Any CPU
		{4E853C2E-DA2E-4169-ACD3-6320A2CD6142}.AppStore|iPhoneSimulator.Build.0 = Debug|Any CPU
		{4E853C2E-DA2E-4169-ACD3-6320A2CD6142}.AppStore|iPhoneSimulator.Deploy.0 = Debug|Any CPU
		{4E853C2E-DA2E-4169-ACD3-6320A2CD6142}.AppStore|x64.ActiveCfg = Debug|Any CPU
		{4E853C2E-DA2E-4169-ACD3-6320A2CD6142}.AppStore|x64.Build.0 = Debug|Any CPU
		{4E853C2E-DA2E-4169-ACD3-6320A2CD6142}.AppStore|x64.Deploy.0 = Debug|Any CPU
		{4E853C2E-DA2E-4169-ACD3-6320A2CD6142}.AppStore|x86.ActiveCfg = Debug|Any CPU
		{4E853C2E-DA2E-4169-ACD3-6320A2CD6142}.AppStore|x86.Build.0 = Debug|Any CPU
		{4E853C2E-DA2E-4169-ACD3-6320A2CD6142}.AppStore|x86.Deploy.0 = Debug|Any CPU
		{4E853C2E-DA2E-4169-ACD3-6320A2CD6142}.Debug|Any CPU.ActiveCfg = Debug|Any CPU
		{4E853C2E-DA2E-4169-ACD3-6320A2CD6142}.Debug|Any CPU.Build.0 = Debug|Any CPU
		{4E853C2E-DA2E-4169-ACD3-6320A2CD6142}.Debug|Any CPU.Deploy.0 = Debug|Any CPU
		{4E853C2E-DA2E-4169-ACD3-6320A2CD6142}.Debug|ARM.ActiveCfg = Debug|Any CPU
		{4E853C2E-DA2E-4169-ACD3-6320A2CD6142}.Debug|ARM.Build.0 = Debug|Any CPU
		{4E853C2E-DA2E-4169-ACD3-6320A2CD6142}.Debug|ARM.Deploy.0 = Debug|Any CPU
		{4E853C2E-DA2E-4169-ACD3-6320A2CD6142}.Debug|iPhone.ActiveCfg = Debug|Any CPU
		{4E853C2E-DA2E-4169-ACD3-6320A2CD6142}.Debug|iPhone.Build.0 = Debug|Any CPU
		{4E853C2E-DA2E-4169-ACD3-6320A2CD6142}.Debug|iPhone.Deploy.0 = Debug|Any CPU
		{4E853C2E-DA2E-4169-ACD3-6320A2CD6142}.Debug|iPhoneSimulator.ActiveCfg = Debug|Any CPU
		{4E853C2E-DA2E-4169-ACD3-6320A2CD6142}.Debug|iPhoneSimulator.Build.0 = Debug|Any CPU
		{4E853C2E-DA2E-4169-ACD3-6320A2CD6142}.Debug|iPhoneSimulator.Deploy.0 = Debug|Any CPU
		{4E853C2E-DA2E-4169-ACD3-6320A2CD6142}.Debug|x64.ActiveCfg = Debug|Any CPU
		{4E853C2E-DA2E-4169-ACD3-6320A2CD6142}.Debug|x64.Build.0 = Debug|Any CPU
		{4E853C2E-DA2E-4169-ACD3-6320A2CD6142}.Debug|x64.Deploy.0 = Debug|Any CPU
		{4E853C2E-DA2E-4169-ACD3-6320A2CD6142}.Debug|x86.ActiveCfg = Debug|Any CPU
		{4E853C2E-DA2E-4169-ACD3-6320A2CD6142}.Debug|x86.Build.0 = Debug|Any CPU
		{4E853C2E-DA2E-4169-ACD3-6320A2CD6142}.Debug|x86.Deploy.0 = Debug|Any CPU
		{4E853C2E-DA2E-4169-ACD3-6320A2CD6142}.Release|Any CPU.ActiveCfg = Release|Any CPU
		{4E853C2E-DA2E-4169-ACD3-6320A2CD6142}.Release|Any CPU.Build.0 = Release|Any CPU
		{4E853C2E-DA2E-4169-ACD3-6320A2CD6142}.Release|Any CPU.Deploy.0 = Release|Any CPU
		{4E853C2E-DA2E-4169-ACD3-6320A2CD6142}.Release|ARM.ActiveCfg = Release|Any CPU
		{4E853C2E-DA2E-4169-ACD3-6320A2CD6142}.Release|ARM.Build.0 = Release|Any CPU
		{4E853C2E-DA2E-4169-ACD3-6320A2CD6142}.Release|ARM.Deploy.0 = Release|Any CPU
		{4E853C2E-DA2E-4169-ACD3-6320A2CD6142}.Release|iPhone.ActiveCfg = Release|Any CPU
		{4E853C2E-DA2E-4169-ACD3-6320A2CD6142}.Release|iPhone.Build.0 = Release|Any CPU
		{4E853C2E-DA2E-4169-ACD3-6320A2CD6142}.Release|iPhone.Deploy.0 = Release|Any CPU
		{4E853C2E-DA2E-4169-ACD3-6320A2CD6142}.Release|iPhoneSimulator.ActiveCfg = Release|Any CPU
		{4E853C2E-DA2E-4169-ACD3-6320A2CD6142}.Release|iPhoneSimulator.Build.0 = Release|Any CPU
		{4E853C2E-DA2E-4169-ACD3-6320A2CD6142}.Release|iPhoneSimulator.Deploy.0 = Release|Any CPU
		{4E853C2E-DA2E-4169-ACD3-6320A2CD6142}.Release|x64.ActiveCfg = Release|Any CPU
		{4E853C2E-DA2E-4169-ACD3-6320A2CD6142}.Release|x64.Build.0 = Release|Any CPU
		{4E853C2E-DA2E-4169-ACD3-6320A2CD6142}.Release|x64.Deploy.0 = Release|Any CPU
		{4E853C2E-DA2E-4169-ACD3-6320A2CD6142}.Release|x86.ActiveCfg = Release|Any CPU
		{4E853C2E-DA2E-4169-ACD3-6320A2CD6142}.Release|x86.Build.0 = Release|Any CPU
		{4E853C2E-DA2E-4169-ACD3-6320A2CD6142}.Release|x86.Deploy.0 = Release|Any CPU
		{3E042780-F159-4F43-B718-B3932EC73681}.Ad-Hoc|Any CPU.ActiveCfg = Debug|Any CPU
		{3E042780-F159-4F43-B718-B3932EC73681}.Ad-Hoc|Any CPU.Build.0 = Debug|Any CPU
		{3E042780-F159-4F43-B718-B3932EC73681}.Ad-Hoc|ARM.ActiveCfg = Debug|Any CPU
		{3E042780-F159-4F43-B718-B3932EC73681}.Ad-Hoc|ARM.Build.0 = Debug|Any CPU
		{3E042780-F159-4F43-B718-B3932EC73681}.Ad-Hoc|iPhone.ActiveCfg = Debug|Any CPU
		{3E042780-F159-4F43-B718-B3932EC73681}.Ad-Hoc|iPhone.Build.0 = Debug|Any CPU
		{3E042780-F159-4F43-B718-B3932EC73681}.Ad-Hoc|iPhoneSimulator.ActiveCfg = Debug|Any CPU
		{3E042780-F159-4F43-B718-B3932EC73681}.Ad-Hoc|iPhoneSimulator.Build.0 = Debug|Any CPU
		{3E042780-F159-4F43-B718-B3932EC73681}.Ad-Hoc|x64.ActiveCfg = Debug|Any CPU
		{3E042780-F159-4F43-B718-B3932EC73681}.Ad-Hoc|x64.Build.0 = Debug|Any CPU
		{3E042780-F159-4F43-B718-B3932EC73681}.Ad-Hoc|x86.ActiveCfg = Debug|Any CPU
		{3E042780-F159-4F43-B718-B3932EC73681}.Ad-Hoc|x86.Build.0 = Debug|Any CPU
		{3E042780-F159-4F43-B718-B3932EC73681}.AppStore|Any CPU.ActiveCfg = Debug|Any CPU
		{3E042780-F159-4F43-B718-B3932EC73681}.AppStore|Any CPU.Build.0 = Debug|Any CPU
		{3E042780-F159-4F43-B718-B3932EC73681}.AppStore|ARM.ActiveCfg = Debug|Any CPU
		{3E042780-F159-4F43-B718-B3932EC73681}.AppStore|ARM.Build.0 = Debug|Any CPU
		{3E042780-F159-4F43-B718-B3932EC73681}.AppStore|iPhone.ActiveCfg = Debug|Any CPU
		{3E042780-F159-4F43-B718-B3932EC73681}.AppStore|iPhone.Build.0 = Debug|Any CPU
		{3E042780-F159-4F43-B718-B3932EC73681}.AppStore|iPhoneSimulator.ActiveCfg = Debug|Any CPU
		{3E042780-F159-4F43-B718-B3932EC73681}.AppStore|iPhoneSimulator.Build.0 = Debug|Any CPU
		{3E042780-F159-4F43-B718-B3932EC73681}.AppStore|x64.ActiveCfg = Debug|Any CPU
		{3E042780-F159-4F43-B718-B3932EC73681}.AppStore|x64.Build.0 = Debug|Any CPU
		{3E042780-F159-4F43-B718-B3932EC73681}.AppStore|x86.ActiveCfg = Debug|Any CPU
		{3E042780-F159-4F43-B718-B3932EC73681}.AppStore|x86.Build.0 = Debug|Any CPU
		{3E042780-F159-4F43-B718-B3932EC73681}.Debug|Any CPU.ActiveCfg = Debug|Any CPU
		{3E042780-F159-4F43-B718-B3932EC73681}.Debug|Any CPU.Build.0 = Debug|Any CPU
		{3E042780-F159-4F43-B718-B3932EC73681}.Debug|ARM.ActiveCfg = Debug|Any CPU
		{3E042780-F159-4F43-B718-B3932EC73681}.Debug|ARM.Build.0 = Debug|Any CPU
		{3E042780-F159-4F43-B718-B3932EC73681}.Debug|iPhone.ActiveCfg = Debug|Any CPU
		{3E042780-F159-4F43-B718-B3932EC73681}.Debug|iPhone.Build.0 = Debug|Any CPU
		{3E042780-F159-4F43-B718-B3932EC73681}.Debug|iPhoneSimulator.ActiveCfg = Debug|Any CPU
		{3E042780-F159-4F43-B718-B3932EC73681}.Debug|iPhoneSimulator.Build.0 = Debug|Any CPU
		{3E042780-F159-4F43-B718-B3932EC73681}.Debug|x64.ActiveCfg = Debug|Any CPU
		{3E042780-F159-4F43-B718-B3932EC73681}.Debug|x64.Build.0 = Debug|Any CPU
		{3E042780-F159-4F43-B718-B3932EC73681}.Debug|x86.ActiveCfg = Debug|Any CPU
		{3E042780-F159-4F43-B718-B3932EC73681}.Debug|x86.Build.0 = Debug|Any CPU
		{3E042780-F159-4F43-B718-B3932EC73681}.Release|Any CPU.ActiveCfg = Release|Any CPU
		{3E042780-F159-4F43-B718-B3932EC73681}.Release|Any CPU.Build.0 = Release|Any CPU
		{3E042780-F159-4F43-B718-B3932EC73681}.Release|ARM.ActiveCfg = Release|Any CPU
		{3E042780-F159-4F43-B718-B3932EC73681}.Release|ARM.Build.0 = Release|Any CPU
		{3E042780-F159-4F43-B718-B3932EC73681}.Release|iPhone.ActiveCfg = Release|Any CPU
		{3E042780-F159-4F43-B718-B3932EC73681}.Release|iPhone.Build.0 = Release|Any CPU
		{3E042780-F159-4F43-B718-B3932EC73681}.Release|iPhoneSimulator.ActiveCfg = Release|Any CPU
		{3E042780-F159-4F43-B718-B3932EC73681}.Release|iPhoneSimulator.Build.0 = Release|Any CPU
		{3E042780-F159-4F43-B718-B3932EC73681}.Release|x64.ActiveCfg = Release|Any CPU
		{3E042780-F159-4F43-B718-B3932EC73681}.Release|x64.Build.0 = Release|Any CPU
		{3E042780-F159-4F43-B718-B3932EC73681}.Release|x86.ActiveCfg = Release|Any CPU
		{3E042780-F159-4F43-B718-B3932EC73681}.Release|x86.Build.0 = Release|Any CPU
		{26A01FF4-76DB-4390-BC0B-CBE23B116115}.Ad-Hoc|Any CPU.ActiveCfg = Debug|Any CPU
		{26A01FF4-76DB-4390-BC0B-CBE23B116115}.Ad-Hoc|Any CPU.Build.0 = Debug|Any CPU
		{26A01FF4-76DB-4390-BC0B-CBE23B116115}.Ad-Hoc|ARM.ActiveCfg = Debug|Any CPU
		{26A01FF4-76DB-4390-BC0B-CBE23B116115}.Ad-Hoc|ARM.Build.0 = Debug|Any CPU
		{26A01FF4-76DB-4390-BC0B-CBE23B116115}.Ad-Hoc|iPhone.ActiveCfg = Debug|Any CPU
		{26A01FF4-76DB-4390-BC0B-CBE23B116115}.Ad-Hoc|iPhone.Build.0 = Debug|Any CPU
		{26A01FF4-76DB-4390-BC0B-CBE23B116115}.Ad-Hoc|iPhoneSimulator.ActiveCfg = Debug|Any CPU
		{26A01FF4-76DB-4390-BC0B-CBE23B116115}.Ad-Hoc|iPhoneSimulator.Build.0 = Debug|Any CPU
		{26A01FF4-76DB-4390-BC0B-CBE23B116115}.Ad-Hoc|x64.ActiveCfg = Debug|Any CPU
		{26A01FF4-76DB-4390-BC0B-CBE23B116115}.Ad-Hoc|x64.Build.0 = Debug|Any CPU
		{26A01FF4-76DB-4390-BC0B-CBE23B116115}.Ad-Hoc|x86.ActiveCfg = Debug|Any CPU
		{26A01FF4-76DB-4390-BC0B-CBE23B116115}.Ad-Hoc|x86.Build.0 = Debug|Any CPU
		{26A01FF4-76DB-4390-BC0B-CBE23B116115}.AppStore|Any CPU.ActiveCfg = Debug|Any CPU
		{26A01FF4-76DB-4390-BC0B-CBE23B116115}.AppStore|Any CPU.Build.0 = Debug|Any CPU
		{26A01FF4-76DB-4390-BC0B-CBE23B116115}.AppStore|ARM.ActiveCfg = Debug|Any CPU
		{26A01FF4-76DB-4390-BC0B-CBE23B116115}.AppStore|ARM.Build.0 = Debug|Any CPU
		{26A01FF4-76DB-4390-BC0B-CBE23B116115}.AppStore|iPhone.ActiveCfg = Debug|Any CPU
		{26A01FF4-76DB-4390-BC0B-CBE23B116115}.AppStore|iPhone.Build.0 = Debug|Any CPU
		{26A01FF4-76DB-4390-BC0B-CBE23B116115}.AppStore|iPhoneSimulator.ActiveCfg = Debug|Any CPU
		{26A01FF4-76DB-4390-BC0B-CBE23B116115}.AppStore|iPhoneSimulator.Build.0 = Debug|Any CPU
		{26A01FF4-76DB-4390-BC0B-CBE23B116115}.AppStore|x64.ActiveCfg = Debug|Any CPU
		{26A01FF4-76DB-4390-BC0B-CBE23B116115}.AppStore|x64.Build.0 = Debug|Any CPU
		{26A01FF4-76DB-4390-BC0B-CBE23B116115}.AppStore|x86.ActiveCfg = Debug|Any CPU
		{26A01FF4-76DB-4390-BC0B-CBE23B116115}.AppStore|x86.Build.0 = Debug|Any CPU
		{26A01FF4-76DB-4390-BC0B-CBE23B116115}.Debug|Any CPU.ActiveCfg = Debug|Any CPU
		{26A01FF4-76DB-4390-BC0B-CBE23B116115}.Debug|Any CPU.Build.0 = Debug|Any CPU
		{26A01FF4-76DB-4390-BC0B-CBE23B116115}.Debug|ARM.ActiveCfg = Debug|Any CPU
		{26A01FF4-76DB-4390-BC0B-CBE23B116115}.Debug|ARM.Build.0 = Debug|Any CPU
		{26A01FF4-76DB-4390-BC0B-CBE23B116115}.Debug|iPhone.ActiveCfg = Debug|Any CPU
		{26A01FF4-76DB-4390-BC0B-CBE23B116115}.Debug|iPhone.Build.0 = Debug|Any CPU
		{26A01FF4-76DB-4390-BC0B-CBE23B116115}.Debug|iPhoneSimulator.ActiveCfg = Debug|Any CPU
		{26A01FF4-76DB-4390-BC0B-CBE23B116115}.Debug|iPhoneSimulator.Build.0 = Debug|Any CPU
		{26A01FF4-76DB-4390-BC0B-CBE23B116115}.Debug|x64.ActiveCfg = Debug|Any CPU
		{26A01FF4-76DB-4390-BC0B-CBE23B116115}.Debug|x64.Build.0 = Debug|Any CPU
		{26A01FF4-76DB-4390-BC0B-CBE23B116115}.Debug|x86.ActiveCfg = Debug|Any CPU
		{26A01FF4-76DB-4390-BC0B-CBE23B116115}.Debug|x86.Build.0 = Debug|Any CPU
		{26A01FF4-76DB-4390-BC0B-CBE23B116115}.Release|Any CPU.ActiveCfg = Release|Any CPU
		{26A01FF4-76DB-4390-BC0B-CBE23B116115}.Release|Any CPU.Build.0 = Release|Any CPU
		{26A01FF4-76DB-4390-BC0B-CBE23B116115}.Release|ARM.ActiveCfg = Release|Any CPU
		{26A01FF4-76DB-4390-BC0B-CBE23B116115}.Release|ARM.Build.0 = Release|Any CPU
		{26A01FF4-76DB-4390-BC0B-CBE23B116115}.Release|iPhone.ActiveCfg = Release|Any CPU
		{26A01FF4-76DB-4390-BC0B-CBE23B116115}.Release|iPhone.Build.0 = Release|Any CPU
		{26A01FF4-76DB-4390-BC0B-CBE23B116115}.Release|iPhoneSimulator.ActiveCfg = Release|Any CPU
		{26A01FF4-76DB-4390-BC0B-CBE23B116115}.Release|iPhoneSimulator.Build.0 = Release|Any CPU
		{26A01FF4-76DB-4390-BC0B-CBE23B116115}.Release|x64.ActiveCfg = Release|Any CPU
		{26A01FF4-76DB-4390-BC0B-CBE23B116115}.Release|x64.Build.0 = Release|Any CPU
		{26A01FF4-76DB-4390-BC0B-CBE23B116115}.Release|x86.ActiveCfg = Release|Any CPU
		{26A01FF4-76DB-4390-BC0B-CBE23B116115}.Release|x86.Build.0 = Release|Any CPU
	EndGlobalSection
	GlobalSection(SolutionProperties) = preSolution
		HideSolutionNode = FALSE
	EndGlobalSection
	GlobalSection(ExtensibilityGlobals) = postSolution
		SolutionGuid = {9A017B7B-D56C-4AF4-A1BE-A669DCCC5767}
	EndGlobalSection
EndGlobal
